
Microsoft Visual Studio Solution File, Format Version 12.00
# Visual Studio 14
VisualStudioVersion = 14.0.25420.1
MinimumVisualStudioVersion = 10.0.40219.1
Project("{FAE04EC0-301F-11D3-BF4B-00C04F79EFBC}") = "PhoneNumbersMVC6API", "PhoneNumbersMVC6API\PhoneNumbersMVC6API.csproj", "{69199B12-4D1F-419D-AEFE-88C24EEE2754}"
EndProject
Project("{FAE04EC0-301F-11D3-BF4B-00C04F79EFBC}") = "PhoneNumbersMVC6API.Tests", "PhoneNumbersMVC6API.Tests\PhoneNumbersMVC6API.Tests.csproj", "{B1CB8794-9A3C-4D37-9939-63CADB99D65E}"
EndProject
Global
	GlobalSection(SolutionConfigurationPlatforms) = preSolution
		Debug|Any CPU = Debug|Any CPU
		Release|Any CPU = Release|Any CPU
	EndGlobalSection
	GlobalSection(ProjectConfigurationPlatforms) = postSolution
		{69199B12-4D1F-419D-AEFE-88C24EEE2754}.Debug|Any CPU.ActiveCfg = Debug|Any CPU
		{69199B12-4D1F-419D-AEFE-88C24EEE2754}.Debug|Any CPU.Build.0 = Debug|Any CPU
		{69199B12-4D1F-419D-AEFE-88C24EEE2754}.Release|Any CPU.ActiveCfg = Release|Any CPU
		{69199B12-4D1F-419D-AEFE-88C24EEE2754}.Release|Any CPU.Build.0 = Release|Any CPU
		{B1CB8794-9A3C-4D37-9939-63CADB99D65E}.Debug|Any CPU.ActiveCfg = Debug|Any CPU
		{B1CB8794-9A3C-4D37-9939-63CADB99D65E}.Debug|Any CPU.Build.0 = Debug|Any CPU
		{B1CB8794-9A3C-4D37-9939-63CADB99D65E}.Release|Any CPU.ActiveCfg = Release|Any CPU
		{B1CB8794-9A3C-4D37-9939-63CADB99D65E}.Release|Any CPU.Build.0 = Release|Any CPU
	EndGlobalSection
	GlobalSection(SolutionProperties) = preSolution
		HideSolutionNode = FALSE
	EndGlobalSection
EndGlobal
